
Microsoft Visual Studio Solution File, Format Version 12.00
# Visual Studio Version 17
VisualStudioVersion = 17.11.35327.3
MinimumVisualStudioVersion = 10.0.40219.1
Project("{FAE04EC0-301F-11D3-BF4B-00C04F79EFBC}") = "StopwatchBaltaio", "StopwatchBaltaio\StopwatchBaltaio.csproj", "{C5111D45-1B26-4D24-A96C-5510BA898B85}"
EndProject
Global
	GlobalSection(SolutionConfigurationPlatforms) = preSolution
		Debug|Any CPU = Debug|Any CPU
		Release|Any CPU = Release|Any CPU
	EndGlobalSection
	GlobalSection(ProjectConfigurationPlatforms) = postSolution
		{C5111D45-1B26-4D24-A96C-5510BA898B85}.Debug|Any CPU.ActiveCfg = Debug|Any CPU
		{C5111D45-1B26-4D24-A96C-5510BA898B85}.Debug|Any CPU.Build.0 = Debug|Any CPU
		{C5111D45-1B26-4D24-A96C-5510BA898B85}.Release|Any CPU.ActiveCfg = Release|Any CPU
		{C5111D45-1B26-4D24-A96C-5510BA898B85}.Release|Any CPU.Build.0 = Release|Any CPU
	EndGlobalSection
	GlobalSection(SolutionProperties) = preSolution
		HideSolutionNode = FALSE
	EndGlobalSection
	GlobalSection(ExtensibilityGlobals) = postSolution
		SolutionGuid = {9DD128D1-1A46-40E8-8BD3-4F3185C76405}
	EndGlobalSection
EndGlobal
